PODS:
  - AppImageViewer (1.0.10):
    - SDWebImage (~> 4.0)
  - SDWebImage (4.4.7):
    - SDWebImage/Core (= 4.4.7)
  - SDWebImage/Core (4.4.7)

DEPENDENCIES:
  - AppImageViewer (from `../`)
  - SDWebImage (~> 4.4.7)

SPEC REPOS:
  trunk:
    - SDWebImage

EXTERNAL SOURCES:
  AppImageViewer:
    :path: "../"

SPEC CHECKSUMS:
  AppImageViewer: 79cfdebdb787afc0af3a5197482b011b15b847d0
  SDWebImage: c10d14a8883ebd89664f02a422006f66a85c0c5d

PODFILE CHECKSUM: 7079cb085bef130a87b9e2ea01503c0c1e68f5c4

COCOAPODS: 1.8.4
